// !$*UTF8*$!
{
	archiveVersion = 1;
	classes = {
	};
	objectVersion = 56;
	objects = {

/* Begin PBXBuildFile section */
		18A17C4E2A1BAFE60049DAC9 /* CountriesAppApp.swift in Sources */ = {isa = PBXBuildFile; fileRef = 18A17C4D2A1BAFE60049DAC9 /* CountriesAppApp.swift */; };
		18A17C502A1BAFE60049DAC9 /* ContentView.swift in Sources */ = {isa = PBXBuildFile; fileRef = 18A17C4F2A1BAFE60049DAC9 /* ContentView.swift */; };
		18A17C522A1BAFE80049DAC9 /* Assets.xcassets in Resources */ = {isa = PBXBuildFile; fileRef = 18A17C512A1BAFE80049DAC9 /* Assets.xcassets */; };
		18A17C552A1BAFE80049DAC9 /* Preview Assets.xcassets in Resources */ = {isa = PBXBuildFile; fileRef = 18A17C542A1BAFE80049DAC9 /* Preview Assets.xcassets */; };
		18A17C5D2A1BB0440049DAC9 /* Apollo in Frameworks */ = {isa = PBXBuildFile; productRef = 18A17C5C2A1BB0440049DAC9 /* Apollo */; };
		18A17C602A1BB1050049DAC9 /* Queries.graphql in Resources */ = {isa = PBXBuildFile; fileRef = 18A17C5F2A1BB1050049DAC9 /* Queries.graphql */; };
		18C5AB622A1CCFA400308BA7 /* schema.graphqls in Resources */ = {isa = PBXBuildFile; fileRef = 18C5AB612A1CCFA400308BA7 /* schema.graphqls */; };
		18C5AB662A1CD60600308BA7 /* Apollo.swift in Sources */ = {isa = PBXBuildFile; fileRef = 18C5AB652A1CD60600308BA7 /* Apollo.swift */; };
		18C5AB692A1CD77B00308BA7 /* CountriesAPI in Frameworks */ = {isa = PBXBuildFile; productRef = 18C5AB682A1CD77B00308BA7 /* CountriesAPI */; };
/* End PBXBuildFile section */

/* Begin PBXFileReference section */
		18A17C4A2A1BAFE60049DAC9 /* CountriesApp.app */ = {isa = PBXFileReference; explicitFileType = wrapper.application; includeInIndex = 0; path = CountriesApp.app; sourceTree = BUILT_PRODUCTS_DIR; };
		18A17C4D2A1BAFE60049DAC9 /* CountriesAppApp.swift */ = {isa = PBXFileReference; lastKnownFileType = sourcecode.swift; path = CountriesAppApp.swift; sourceTree = "<group>"; };
		18A17C4F2A1BAFE60049DAC9 /* ContentView.swift */ = {isa = PBXFileReference; lastKnownFileType = sourcecode.swift; path = ContentView.swift; sourceTree = "<group>"; };
		18A17C512A1BAFE80049DAC9 /* Assets.xcassets */ = {isa = PBXFileReference; lastKnownFileType = folder.assetcatalog; path = Assets.xcassets; sourceTree = "<group>"; };
		18A17C542A1BAFE80049DAC9 /* Preview Assets.xcassets */ = {isa = PBXFileReference; lastKnownFileType = folder.assetcatalog; path = "Preview Assets.xcassets"; sourceTree = "<group>"; };
		18A17C5F2A1BB1050049DAC9 /* Queries.graphql */ = {isa = PBXFileReference; lastKnownFileType = text; path = Queries.graphql; sourceTree = "<group>"; };
		18C5AB612A1CCFA400308BA7 /* schema.graphqls */ = {isa = PBXFileReference; fileEncoding = 4; lastKnownFileType = text; path = schema.graphqls; sourceTree = "<group>"; };
		18C5AB642A1CD18700308BA7 /* CountriesAPI */ = {isa = PBXFileReference; lastKnownFileType = wrapper; path = CountriesAPI; sourceTree = "<group>"; };
		18C5AB652A1CD60600308BA7 /* Apollo.swift */ = {isa = PBXFileReference; lastKnownFileType = sourcecode.swift; path = Apollo.swift; sourceTree = "<group>"; };
/* End PBXFileReference section */

/* Begin PBXFrameworksBuildPhase section */
		18A17C472A1BAFE60049DAC9 /* Frameworks */ = {
			isa = PBXFrameworksBuildPhase;
			buildActionMask = 2147483647;
			files = (
				18C5AB692A1CD77B00308BA7 /* CountriesAPI in Frameworks */,
				18A17C5D2A1BB0440049DAC9 /* Apollo in Frameworks */,
			);
			runOnlyForDeploymentPostprocessing = 0;
		};
/* End PBXFrameworksBuildPhase section */

/* Begin PBXGroup section */
		18A17C412A1BAFE60049DAC9 = {
			isa = PBXGroup;
			children = (
				18C5AB632A1CD18700308BA7 /* Packages */,
				18A17C4C2A1BAFE60049DAC9 /* CountriesApp */,
				18A17C4B2A1BAFE60049DAC9 /* Products */,
				18C5AB672A1CD77B00308BA7 /* Frameworks */,
			);
			sourceTree = "<group>";
		};
		18A17C4B2A1BAFE60049DAC9 /* Products */ = {
			isa = PBXGroup;
			children = (
				18A17C4A2A1BAFE60049DAC9 /* CountriesApp.app */,
			);
			name = Products;
			sourceTree = "<group>";
		};
		18A17C4C2A1BAFE60049DAC9 /* CountriesApp */ = {
			isa = PBXGroup;
			children = (
				18A17C5E2A1BB0EC0049DAC9 /* GraphQL */,
				18A17C4D2A1BAFE60049DAC9 /* CountriesAppApp.swift */,
				18A17C4F2A1BAFE60049DAC9 /* ContentView.swift */,
				18A17C512A1BAFE80049DAC9 /* Assets.xcassets */,
				18A17C532A1BAFE80049DAC9 /* Preview Content */,
			);
			path = CountriesApp;
			sourceTree = "<group>";
		};
		18A17C532A1BAFE80049DAC9 /* Preview Content */ = {
			isa = PBXGroup;
			children = (
				18A17C542A1BAFE80049DAC9 /* Preview Assets.xcassets */,
			);
			path = "Preview Content";
			sourceTree = "<group>";
		};
		18A17C5E2A1BB0EC0049DAC9 /* GraphQL */ = {
			isa = PBXGroup;
			children = (
				18C5AB612A1CCFA400308BA7 /* schema.graphqls */,
				18A17C5F2A1BB1050049DAC9 /* Queries.graphql */,
				18C5AB652A1CD60600308BA7 /* Apollo.swift */,
			);
			path = GraphQL;
			sourceTree = "<group>";
		};
		18C5AB632A1CD18700308BA7 /* Packages */ = {
			isa = PBXGroup;
			children = (
				18C5AB642A1CD18700308BA7 /* CountriesAPI */,
			);
			name = Packages;
			sourceTree = "<group>";
		};
		18C5AB672A1CD77B00308BA7 /* Frameworks */ = {
			isa = PBXGroup;
			children = (
			);
			name = Frameworks;
			sourceTree = "<group>";
		};
/* End PBXGroup section */

/* Begin PBXNativeTarget section */
		18A17C492A1BAFE60049DAC9 /* CountriesApp */ = {
			isa = PBXNativeTarget;
			buildConfigurationList = 18A17C582A1BAFE80049DAC9 /* Build configuration list for PBXNativeTarget "CountriesApp" */;
			buildPhases = (
				18A17C462A1BAFE60049DAC9 /* Sources */,
				18A17C472A1BAFE60049DAC9 /* Frameworks */,
				18A17C482A1BAFE60049DAC9 /* Resources */,
			);
			buildRules = (
			);
			dependencies = (
			);
			name = CountriesApp;
			packageProductDependencies = (
				18A17C5C2A1BB0440049DAC9 /* Apollo */,
				18C5AB682A1CD77B00308BA7 /* CountriesAPI */,
			);
			productName = CountriesApp;
			productReference = 18A17C4A2A1BAFE60049DAC9 /* CountriesApp.app */;
			productType = "com.apple.product-type.application";
		};
/* End PBXNativeTarget section */

/* Begin PBXProject section */
		18A17C422A1BAFE60049DAC9 /* Project object */ = {
			isa = PBXProject;
			attributes = {
				BuildIndependentTargetsInParallel = 1;
				LastSwiftUpdateCheck = 1400;
				LastUpgradeCheck = 1400;
				TargetAttributes = {
					18A17C492A1BAFE60049DAC9 = {
						CreatedOnToolsVersion = 14.0.1;
					};
				};
			};
			buildConfigurationList = 18A17C452A1BAFE60049DAC9 /* Build configuration list for PBXProject "CountriesApp" */;
			compatibilityVersion = "Xcode 14.0";
			developmentRegion = en;
			hasScannedForEncodings = 0;
			knownRegions = (
				en,
				Base,
			);
			mainGroup = 18A17C412A1BAFE60049DAC9;
			packageReferences = (
				18A17C5B2A1BB0440049DAC9 /* XCRemoteSwiftPackageReference "apollo-ios" */,
			);
			productRefGroup = 18A17C4B2A1BAFE60049DAC9 /* Products */;
			projectDirPath = "";
			projectRoot = "";
			targets = (
				18A17C492A1BAFE60049DAC9 /* CountriesApp */,
			);
		};
/* End PBXProject section */

/* Begin PBXResourcesBuildPhase section */
		18A17C482A1BAFE60049DAC9 /* Resources */ = {
			isa = PBXResourcesBuildPhase;
			buildActionMask = 2147483647;
			files = (
				18C5AB622A1CCFA400308BA7 /* schema.graphqls in Resources */,
				18A17C602A1BB1050049DAC9 /* Queries.graphql in Resources */,
				18A17C552A1BAFE80049DAC9 /* Preview Assets.xcassets in Resources */,
				18A17C522A1BAFE80049DAC9 /* Assets.xcassets in Resources */,
			);
			runOnlyForDeploymentPostprocessing = 0;
		};
/* End PBXResourcesBuildPhase section */

/* Begin PBXSourcesBuildPhase section */
		18A17C462A1BAFE60049DAC9 /* Sources */ = {
			isa = PBXSourcesBuildPhase;
			buildActionMask = 2147483647;
			files = (
				18A17C502A1BAFE60049DAC9 /* ContentView.swift in Sources */,
				18C5AB662A1CD60600308BA7 /* Apollo.swift in Sources */,
				18A17C4E2A1BAFE60049DAC9 /* CountriesAppApp.swift in Sources */,
			);
			runOnlyForDeploymentPostprocessing = 0;
		};
/* End PBXSourcesBuildPhase section */

/* Begin XCBuildConfiguration section */
		18A17C562A1BAFE80049DAC9 /* Debug */ = {
			isa = XCBuildConfiguration;
			buildSettings = {
				ALWAYS_SEARCH_USER_PATHS = NO;
				CLANG_ANALYZER_NONNULL = YES;
				CLANG_ANALYZER_NUMBER_OBJECT_CONVERSION = YES_AGGRESSIVE;
				CLANG_CXX_LANGUAGE_STANDARD = "gnu++20";
				CLANG_ENABLE_MODULES = YES;
				CLANG_ENABLE_OBJC_ARC = YES;
				CLANG_ENABLE_OBJC_WEAK = YES;
				CLANG_WARN_BLOCK_CAPTURE_AUTORELEASING = YES;
				CLANG_WARN_BOOL_CONVERSION = YES;
				CLANG_WARN_COMMA = YES;
				CLANG_WARN_CONSTANT_CONVERSION = YES;
				CLANG_WARN_DEPRECATED_OBJC_IMPLEMENTATIONS = YES;
				CLANG_WARN_DIRECT_OBJC_ISA_USAGE = YES_ERROR;
				CLANG_WARN_DOCUMENTATION_COMMENTS = YES;
				CLANG_WARN_EMPTY_BODY = YES;
				CLANG_WARN_ENUM_CONVERSION = YES;
				CLANG_WARN_INFINITE_RECURSION = YES;
				CLANG_WARN_INT_CONVERSION = YES;
				CLANG_WARN_NON_LITERAL_NULL_CONVERSION = YES;
				CLANG_WARN_OBJC_IMPLICIT_RETAIN_SELF = YES;
				CLANG_WARN_OBJC_LITERAL_CONVERSION = YES;
				CLANG_WARN_OBJC_ROOT_CLASS = YES_ERROR;
				CLANG_WARN_QUOTED_INCLUDE_IN_FRAMEWORK_HEADER = YES;
				CLANG_WARN_RANGE_LOOP_ANALYSIS = YES;
				CLANG_WARN_STRICT_PROTOTYPES = YES;
				CLANG_WARN_SUSPICIOUS_MOVE = YES;
				CLANG_WARN_UNGUARDED_AVAILABILITY = YES_AGGRESSIVE;
				CLANG_WARN_UNREACHABLE_CODE = YES;
				CLANG_WARN__DUPLICATE_METHOD_MATCH = YES;
				COPY_PHASE_STRIP = NO;
				DEBUG_INFORMATION_FORMAT = dwarf;
				ENABLE_STRICT_OBJC_MSGSEND = YES;
				ENABLE_TESTABILITY = YES;
				GCC_C_LANGUAGE_STANDARD = gnu11;
				GCC_DYNAMIC_NO_PIC = NO;
				GCC_NO_COMMON_BLOCKS = YES;
				GCC_OPTIMIZATION_LEVEL = 0;
				GCC_PREPROCESSOR_DEFINITIONS = (
					"DEBUG=1",
					"$(inherited)",
				);
				GCC_WARN_64_TO_32_BIT_CONVERSION = YES;
				GCC_WARN_ABOUT_RETURN_TYPE = YES_ERROR;
				GCC_WARN_UNDECLARED_SELECTOR = YES;
				GCC_WARN_UNINITIALIZED_AUTOS = YES_AGGRESSIVE;
				GCC_WARN_UNUSED_FUNCTION = YES;
				GCC_WARN_UNUSED_VARIABLE = YES;
				IPHONEOS_DEPLOYMENT_TARGET = 16.0;
				MTL_ENABLE_DEBUG_INFO = INCLUDE_SOURCE;
				MTL_FAST_MATH = YES;
				ONLY_ACTIVE_ARCH = YES;
				SDKROOT = iphoneos;
				SWIFT_ACTIVE_COMPILATION_CONDITIONS = DEBUG;
				SWIFT_OPTIMIZATION_LEVEL = "-Onone";
			};
			name = Debug;
		};
		18A17C572A1BAFE80049DAC9 /* Release */ = {
			isa = XCBuildConfiguration;
			buildSettings = {
				ALWAYS_SEARCH_USER_PATHS = NO;
				CLANG_ANALYZER_NONNULL = YES;
				CLANG_ANALYZER_NUMBER_OBJECT_CONVERSION = YES_AGGRESSIVE;
				CLANG_CXX_LANGUAGE_STANDARD = "gnu++20";
				CLANG_ENABLE_MODULES = YES;
				CLANG_ENABLE_OBJC_ARC = YES;
				CLANG_ENABLE_OBJC_WEAK = YES;
				CLANG_WARN_BLOCK_CAPTURE_AUTORELEASING = YES;
				CLANG_WARN_BOOL_CONVERSION = YES;
				CLANG_WARN_COMMA = YES;
				CLANG_WARN_CONSTANT_CONVERSION = YES;
				CLANG_WARN_DEPRECATED_OBJC_IMPLEMENTATIONS = YES;
				CLANG_WARN_DIRECT_OBJC_ISA_USAGE = YES_ERROR;
				CLANG_WARN_DOCUMENTATION_COMMENTS = YES;
				CLANG_WARN_EMPTY_BODY = YES;
				CLANG_WARN_ENUM_CONVERSION = YES;
				CLANG_WARN_INFINITE_RECURSION = YES;
				CLANG_WARN_INT_CONVERSION = YES;
				CLANG_WARN_NON_LITERAL_NULL_CONVERSION = YES;
				CLANG_WARN_OBJC_IMPLICIT_RETAIN_SELF = YES;
				CLANG_WARN_OBJC_LITERAL_CONVERSION = YES;
				CLANG_WARN_OBJC_ROOT_CLASS = YES_ERROR;
				CLANG_WARN_QUOTED_INCLUDE_IN_FRAMEWORK_HEADER = YES;
				CLANG_WARN_RANGE_LOOP_ANALYSIS = YES;
				CLANG_WARN_STRICT_PROTOTYPES = YES;
				CLANG_WARN_SUSPICIOUS_MOVE = YES;
				CLANG_WARN_UNGUARDED_AVAILABILITY = YES_AGGRESSIVE;
				CLANG_WARN_UNREACHABLE_CODE = YES;
				CLANG_WARN__DUPLICATE_METHOD_MATCH = YES;
				COPY_PHASE_STRIP = NO;
				DEBUG_INFORMATION_FORMAT = "dwarf-with-dsym";
				ENABLE_NS_ASSERTIONS = NO;
				ENABLE_STRICT_OBJC_MSGSEND = YES;
				GCC_C_LANGUAGE_STANDARD = gnu11;
				GCC_NO_COMMON_BLOCKS = YES;
				GCC_WARN_64_TO_32_BIT_CONVERSION = YES;
				GCC_WARN_ABOUT_RETURN_TYPE = YES_ERROR;
				GCC_WARN_UNDECLARED_SELECTOR = YES;
				GCC_WARN_UNINITIALIZED_AUTOS = YES_AGGRESSIVE;
				GCC_WARN_UNUSED_FUNCTION = YES;
				GCC_WARN_UNUSED_VARIABLE = YES;
				IPHONEOS_DEPLOYMENT_TARGET = 16.0;
				MTL_ENABLE_DEBUG_INFO = NO;
				MTL_FAST_MATH = YES;
				SDKROOT = iphoneos;
				SWIFT_COMPILATION_MODE = wholemodule;
				SWIFT_OPTIMIZATION_LEVEL = "-O";
				VALIDATE_PRODUCT = YES;
			};
			name = Release;
		};
		18A17C592A1BAFE80049DAC9 /* Debug */ = {
			isa = XCBuildConfiguration;
			buildSettings = {
				ASSETCATALOG_COMPILER_APPICON_NAME = AppIcon;
				ASSETCATALOG_COMPILER_GLOBAL_ACCENT_COLOR_NAME = AccentColor;
				CODE_SIGN_STYLE = Automatic;
				CURRENT_PROJECT_VERSION = 1;
				DEVELOPMENT_ASSET_PATHS = "\"CountriesApp/Preview Content\"";
				DEVELOPMENT_TEAM = 84DXJF9WZG;
				ENABLE_PREVIEWS = YES;
				GENERATE_INFOPLIST_FILE = YES;
				INFOPLIST_KEY_UIApplicationSceneManifest_Generation = YES;
				INFOPLIST_KEY_UIApplicationSupportsIndirectInputEvents = YES;
				INFOPLIST_KEY_UILaunchScreen_Generation = YES;
				INFOPLIST_KEY_UISupportedInterfaceOrientations_iPad = "UIInterfaceOrientationPortrait UIInterfaceOrientationPortraitUpsideDown UIInterfaceOrientationLandscapeLeft UIInterfaceOrientationLandscapeRight";
				INFOPLIST_KEY_UISupportedInterfaceOrientations_iPhone = "UIInterfaceOrientationPortrait UIInterfaceOrientationLandscapeLeft UIInterfaceOrientationLandscapeRight";
				LD_RUNPATH_SEARCH_PATHS = (
					"$(inherited)",
					"@executable_path/Frameworks",
				);
				MARKETING_VERSION = 1.0;
				PRODUCT_BUNDLE_IDENTIFIER = com.itechart.CountriesApp;
				PRODUCT_NAME = "$(TARGET_NAME)";
				SWIFT_EMIT_LOC_STRINGS = YES;
				SWIFT_VERSION = 5.0;
				TARGETED_DEVICE_FAMILY = "1,2";
			};
			name = Debug;
		};
		18A17C5A2A1BAFE80049DAC9 /* Release */ = {
			isa = XCBuildConfiguration;
			buildSettings = {
				ASSETCATALOG_COMPILER_APPICON_NAME = AppIcon;
				ASSETCATALOG_COMPILER_GLOBAL_ACCENT_COLOR_NAME = AccentColor;
				CODE_SIGN_STYLE = Automatic;
				CURRENT_PROJECT_VERSION = 1;
				DEVELOPMENT_ASSET_PATHS = "\"CountriesApp/Preview Content\"";
				DEVELOPMENT_TEAM = 84DXJF9WZG;
				ENABLE_PREVIEWS = YES;
				GENERATE_INFOPLIST_FILE = YES;
				INFOPLIST_KEY_UIApplicationSceneManifest_Generation = YES;
				INFOPLIST_KEY_UIApplicationSupportsIndirectInputEvents = YES;
				INFOPLIST_KEY_UILaunchScreen_Generation = YES;
				INFOPLIST_KEY_UISupportedInterfaceOrientations_iPad = "UIInterfaceOrientationPortrait UIInterfaceOrientationPortraitUpsideDown UIInterfaceOrientationLandscapeLeft UIInterfaceOrientationLandscapeRight";
				INFOPLIST_KEY_UISupportedInterfaceOrientations_iPhone = "UIInterfaceOrientationPortrait UIInterfaceOrientationLandscapeLeft UIInterfaceOrientationLandscapeRight";
				LD_RUNPATH_SEARCH_PATHS = (
					"$(inherited)",
					"@executable_path/Frameworks",
				);
				MARKETING_VERSION = 1.0;
				PRODUCT_BUNDLE_IDENTIFIER = com.itechart.CountriesApp;
				PRODUCT_NAME = "$(TARGET_NAME)";
				SWIFT_EMIT_LOC_STRINGS = YES;
				SWIFT_VERSION = 5.0;
				TARGETED_DEVICE_FAMILY = "1,2";
			};
			name = Release;
		};
/* End XCBuildConfiguration section */

/* Begin XCConfigurationList section */
		18A17C452A1BAFE60049DAC9 /* Build configuration list for PBXProject "CountriesApp" */ = {
			isa = XCConfigurationList;
			buildConfigurations = (
				18A17C562A1BAFE80049DAC9 /* Debug */,
				18A17C572A1BAFE80049DAC9 /* Release */,
			);
			defaultConfigurationIsVisible = 0;
			defaultConfigurationName = Release;
		};
		18A17C582A1BAFE80049DAC9 /* Build configuration list for PBXNativeTarget "CountriesApp" */ = {
			isa = XCConfigurationList;
			buildConfigurations = (
				18A17C592A1BAFE80049DAC9 /* Debug */,
				18A17C5A2A1BAFE80049DAC9 /* Release */,
			);
			defaultConfigurationIsVisible = 0;
			defaultConfigurationName = Release;
		};
/* End XCConfigurationList section */

/* Begin XCRemoteSwiftPackageReference section */
		18A17C5B2A1BB0440049DAC9 /* XCRemoteSwiftPackageReference "apollo-ios" */ = {
			isa = XCRemoteSwiftPackageReference;
			repositoryURL = "git@github.com:apollographql/apollo-ios.git";
			requirement = {
				branch = main;
				kind = branch;
			};
		};
/* End XCRemoteSwiftPackageReference section */

/* Begin XCSwiftPackageProductDependency section */
		18A17C5C2A1BB0440049DAC9 /* Apollo */ = {
			isa = XCSwiftPackageProductDependency;
			package = 18A17C5B2A1BB0440049DAC9 /* XCRemoteSwiftPackageReference "apollo-ios" */;
			productName = Apollo;
		};
		18C5AB682A1CD77B00308BA7 /* CountriesAPI */ = {
			isa = XCSwiftPackageProductDependency;
			productName = CountriesAPI;
		};
/* End XCSwiftPackageProductDependency section */
	};
	rootObject = 18A17C422A1BAFE60049DAC9 /* Project object */;
}
